
Microsoft Visual Studio Solution File, Format Version 12.00
# Visual Studio 15
VisualStudioVersion = 15.0.27130.2036
MinimumVisualStudioVersion = 10.0.40219.1
Project("{FAE04EC0-301F-11D3-BF4B-00C04F79EFBC}") = "RingSponsible.Android", "RingSponsible\RingSponsible.Android\RingSponsible.Android.csproj", "{7A5A0C3A-DAD3-4317-84CC-AC479D6C465F}"
EndProject
Project("{FAE04EC0-301F-11D3-BF4B-00C04F79EFBC}") = "RingSponsible.iOS", "RingSponsible\RingSponsible.iOS\RingSponsible.iOS.csproj", "{634299E3-72B0-4D89-ACBC-0CC482A80822}"
EndProject
Project("{FAE04EC0-301F-11D3-BF4B-00C04F79EFBC}") = "RingSponsible.UWP", "RingSponsible\RingSponsible.UWP\RingSponsible.UWP.csproj", "{7B349020-7FDC-484C-B356-467EF4337152}"
EndProject
Project("{D954291E-2A0B-460D-934E-DC6B0785DB48}") = "RingSponsible", "RingSponsible\RingSponsible\RingSponsible.shproj", "{FEE0B11A-1C3B-4177-9ECB-51064D8457FD}"
EndProject
Global
	GlobalSection(SharedMSBuildProjectFiles) = preSolution
		RingSponsible\RingSponsible\RingSponsible.projitems*{634299e3-72b0-4d89-acbc-0cc482a80822}*SharedItemsImports = 4
		RingSponsible\RingSponsible\RingSponsible.projitems*{7a5a0c3a-dad3-4317-84cc-ac479d6c465f}*SharedItemsImports = 4
		RingSponsible\RingSponsible\RingSponsible.projitems*{7b349020-7fdc-484c-b356-467ef4337152}*SharedItemsImports = 4
		RingSponsible\RingSponsible\RingSponsible.projitems*{fee0b11a-1c3b-4177-9ecb-51064d8457fd}*SharedItemsImports = 13
	EndGlobalSection
	GlobalSection(SolutionConfigurationPlatforms) = preSolution
		Ad-Hoc|Any CPU = Ad-Hoc|Any CPU
		Ad-Hoc|ARM = Ad-Hoc|ARM
		Ad-Hoc|iPhone = Ad-Hoc|iPhone
		Ad-Hoc|iPhoneSimulator = Ad-Hoc|iPhoneSimulator
		Ad-Hoc|x64 = Ad-Hoc|x64
		Ad-Hoc|x86 = Ad-Hoc|x86
		AppStore|Any CPU = AppStore|Any CPU
		AppStore|ARM = AppStore|ARM
		AppStore|iPhone = AppStore|iPhone
		AppStore|iPhoneSimulator = AppStore|iPhoneSimulator
		AppStore|x64 = AppStore|x64
		AppStore|x86 = AppStore|x86
		Debug|Any CPU = Debug|Any CPU
		Debug|ARM = Debug|ARM
		Debug|iPhone = Debug|iPhone
		Debug|iPhoneSimulator = Debug|iPhoneSimulator
		Debug|x64 = Debug|x64
		Debug|x86 = Debug|x86
		Release|Any CPU = Release|Any CPU
		Release|ARM = Release|ARM
		Release|iPhone = Release|iPhone
		Release|iPhoneSimulator = Release|iPhoneSimulator
		Release|x64 = Release|x64
		Release|x86 = Release|x86
	EndGlobalSection
	GlobalSection(ProjectConfigurationPlatforms) = postSolution
		{7A5A0C3A-DAD3-4317-84CC-AC479D6C465F}.Ad-Hoc|Any CPU.ActiveCfg = Release|Any CPU
		{7A5A0C3A-DAD3-4317-84CC-AC479D6C465F}.Ad-Hoc|Any CPU.Build.0 = Release|Any CPU
		{7A5A0C3A-DAD3-4317-84CC-AC479D6C465F}.Ad-Hoc|Any CPU.Deploy.0 = Release|Any CPU
		{7A5A0C3A-DAD3-4317-84CC-AC479D6C465F}.Ad-Hoc|ARM.ActiveCfg = Release|Any CPU
		{7A5A0C3A-DAD3-4317-84CC-AC479D6C465F}.Ad-Hoc|ARM.Build.0 = Release|Any CPU
		{7A5A0C3A-DAD3-4317-84CC-AC479D6C465F}.Ad-Hoc|ARM.Deploy.0 = Release|Any CPU
		{7A5A0C3A-DAD3-4317-84CC-AC479D6C465F}.Ad-Hoc|iPhone.ActiveCfg = Release|Any CPU
		{7A5A0C3A-DAD3-4317-84CC-AC479D6C465F}.Ad-Hoc|iPhone.Build.0 = Release|Any CPU
		{7A5A0C3A-DAD3-4317-84CC-AC479D6C465F}.Ad-Hoc|iPhone.Deploy.0 = Release|Any CPU
		{7A5A0C3A-DAD3-4317-84CC-AC479D6C465F}.Ad-Hoc|iPhoneSimulator.ActiveCfg = Release|Any CPU
		{7A5A0C3A-DAD3-4317-84CC-AC479D6C465F}.Ad-Hoc|iPhoneSimulator.Build.0 = Release|Any CPU
		{7A5A0C3A-DAD3-4317-84CC-AC479D6C465F}.Ad-Hoc|iPhoneSimulator.Deploy.0 = Release|Any CPU
		{7A5A0C3A-DAD3-4317-84CC-AC479D6C465F}.Ad-Hoc|x64.ActiveCfg = Release|Any CPU
		{7A5A0C3A-DAD3-4317-84CC-AC479D6C465F}.Ad-Hoc|x64.Build.0 = Release|Any CPU
		{7A5A0C3A-DAD3-4317-84CC-AC479D6C465F}.Ad-Hoc|x64.Deploy.0 = Release|Any CPU
		{7A5A0C3A-DAD3-4317-84CC-AC479D6C465F}.Ad-Hoc|x86.ActiveCfg = Release|Any CPU
		{7A5A0C3A-DAD3-4317-84CC-AC479D6C465F}.Ad-Hoc|x86.Build.0 = Release|Any CPU
		{7A5A0C3A-DAD3-4317-84CC-AC479D6C465F}.Ad-Hoc|x86.Deploy.0 = Release|Any CPU
		{7A5A0C3A-DAD3-4317-84CC-AC479D6C465F}.AppStore|Any CPU.ActiveCfg = Release|Any CPU
		{7A5A0C3A-DAD3-4317-84CC-AC479D6C465F}.AppStore|Any CPU.Build.0 = Release|Any CPU
		{7A5A0C3A-DAD3-4317-84CC-AC479D6C465F}.AppStore|Any CPU.Deploy.0 = Release|Any CPU
		{7A5A0C3A-DAD3-4317-84CC-AC479D6C465F}.AppStore|ARM.ActiveCfg = Release|Any CPU
		{7A5A0C3A-DAD3-4317-84CC-AC479D6C465F}.AppStore|ARM.Build.0 = Release|Any CPU
		{7A5A0C3A-DAD3-4317-84CC-AC479D6C465F}.AppStore|ARM.Deploy.0 = Release|Any CPU
		{7A5A0C3A-DAD3-4317-84CC-AC479D6C465F}.AppStore|iPhone.ActiveCfg = Release|Any CPU
		{7A5A0C3A-DAD3-4317-84CC-AC479D6C465F}.AppStore|iPhone.Build.0 = Release|Any CPU
		{7A5A0C3A-DAD3-4317-84CC-AC479D6C465F}.AppStore|iPhone.Deploy.0 = Release|Any CPU
		{7A5A0C3A-DAD3-4317-84CC-AC479D6C465F}.AppStore|iPhoneSimulator.ActiveCfg = Release|Any CPU
		{7A5A0C3A-DAD3-4317-84CC-AC479D6C465F}.AppStore|iPhoneSimulator.Build.0 = Release|Any CPU
		{7A5A0C3A-DAD3-4317-84CC-AC479D6C465F}.AppStore|iPhoneSimulator.Deploy.0 = Release|Any CPU
		{7A5A0C3A-DAD3-4317-84CC-AC479D6C465F}.AppStore|x64.ActiveCfg = Release|Any CPU
		{7A5A0C3A-DAD3-4317-84CC-AC479D6C465F}.AppStore|x64.Build.0 = Release|Any CPU
		{7A5A0C3A-DAD3-4317-84CC-AC479D6C465F}.AppStore|x64.Deploy.0 = Release|Any CPU
		{7A5A0C3A-DAD3-4317-84CC-AC479D6C465F}.AppStore|x86.ActiveCfg = Release|Any CPU
		{7A5A0C3A-DAD3-4317-84CC-AC479D6C465F}.AppStore|x86.Build.0 = Release|Any CPU
		{7A5A0C3A-DAD3-4317-84CC-AC479D6C465F}.AppStore|x86.Deploy.0 = Release|Any CPU
		{7A5A0C3A-DAD3-4317-84CC-AC479D6C465F}.Debug|Any CPU.ActiveCfg = Debug|Any CPU
		{7A5A0C3A-DAD3-4317-84CC-AC479D6C465F}.Debug|Any CPU.Build.0 = Debug|Any CPU
		{7A5A0C3A-DAD3-4317-84CC-AC479D6C465F}.Debug|Any CPU.Deploy.0 = Debug|Any CPU
		{7A5A0C3A-DAD3-4317-84CC-AC479D6C465F}.Debug|ARM.ActiveCfg = Debug|Any CPU
		{7A5A0C3A-DAD3-4317-84CC-AC479D6C465F}.Debug|ARM.Build.0 = Debug|Any CPU
		{7A5A0C3A-DAD3-4317-84CC-AC479D6C465F}.Debug|ARM.Deploy.0 = Debug|Any CPU
		{7A5A0C3A-DAD3-4317-84CC-AC479D6C465F}.Debug|iPhone.ActiveCfg = Debug|Any CPU
		{7A5A0C3A-DAD3-4317-84CC-AC479D6C465F}.Debug|iPhone.Build.0 = Debug|Any CPU
		{7A5A0C3A-DAD3-4317-84CC-AC479D6C465F}.Debug|iPhone.Deploy.0 = Debug|Any CPU
		{7A5A0C3A-DAD3-4317-84CC-AC479D6C465F}.Debug|iPhoneSimulator.ActiveCfg = Debug|Any CPU
		{7A5A0C3A-DAD3-4317-84CC-AC479D6C465F}.Debug|iPhoneSimulator.Build.0 = Debug|Any CPU
		{7A5A0C3A-DAD3-4317-84CC-AC479D6C465F}.Debug|iPhoneSimulator.Deploy.0 = Debug|Any CPU
		{7A5A0C3A-DAD3-4317-84CC-AC479D6C465F}.Debug|x64.ActiveCfg = Debug|Any CPU
		{7A5A0C3A-DAD3-4317-84CC-AC479D6C465F}.Debug|x64.Build.0 = Debug|Any CPU
		{7A5A0C3A-DAD3-4317-84CC-AC479D6C465F}.Debug|x64.Deploy.0 = Debug|Any CPU
		{7A5A0C3A-DAD3-4317-84CC-AC479D6C465F}.Debug|x86.ActiveCfg = Debug|Any CPU
		{7A5A0C3A-DAD3-4317-84CC-AC479D6C465F}.Debug|x86.Build.0 = Debug|Any CPU
		{7A5A0C3A-DAD3-4317-84CC-AC479D6C465F}.Debug|x86.Deploy.0 = Debug|Any CPU
		{7A5A0C3A-DAD3-4317-84CC-AC479D6C465F}.Release|Any CPU.ActiveCfg = Release|Any CPU
		{7A5A0C3A-DAD3-4317-84CC-AC479D6C465F}.Release|Any CPU.Build.0 = Release|Any CPU
		{7A5A0C3A-DAD3-4317-84CC-AC479D6C465F}.Release|Any CPU.Deploy.0 = Release|Any CPU
		{7A5A0C3A-DAD3-4317-84CC-AC479D6C465F}.Release|ARM.ActiveCfg = Release|Any CPU
		{7A5A0C3A-DAD3-4317-84CC-AC479D6C465F}.Release|ARM.Build.0 = Release|Any CPU
		{7A5A0C3A-DAD3-4317-84CC-AC479D6C465F}.Release|ARM.Deploy.0 = Release|Any CPU
		{7A5A0C3A-DAD3-4317-84CC-AC479D6C465F}.Release|iPhone.ActiveCfg = Release|Any CPU
		{7A5A0C3A-DAD3-4317-84CC-AC479D6C465F}.Release|iPhone.Build.0 = Release|Any CPU
		{7A5A0C3A-DAD3-4317-84CC-AC479D6C465F}.Release|iPhone.Deploy.0 = Release|Any CPU
		{7A5A0C3A-DAD3-4317-84CC-AC479D6C465F}.Release|iPhoneSimulator.ActiveCfg = Release|Any CPU
		{7A5A0C3A-DAD3-4317-84CC-AC479D6C465F}.Release|iPhoneSimulator.Build.0 = Release|Any CPU
		{7A5A0C3A-DAD3-4317-84CC-AC479D6C465F}.Release|iPhoneSimulator.Deploy.0 = Release|Any CPU
		{7A5A0C3A-DAD3-4317-84CC-AC479D6C465F}.Release|x64.ActiveCfg = Release|Any CPU
		{7A5A0C3A-DAD3-4317-84CC-AC479D6C465F}.Release|x64.Build.0 = Release|Any CPU
		{7A5A0C3A-DAD3-4317-84CC-AC479D6C465F}.Release|x64.Deploy.0 = Release|Any CPU
		{7A5A0C3A-DAD3-4317-84CC-AC479D6C465F}.Release|x86.ActiveCfg = Release|Any CPU
		{7A5A0C3A-DAD3-4317-84CC-AC479D6C465F}.Release|x86.Build.0 = Release|Any CPU
		{7A5A0C3A-DAD3-4317-84CC-AC479D6C465F}.Release|x86.Deploy.0 = Release|Any CPU
		{634299E3-72B0-4D89-ACBC-0CC482A80822}.Ad-Hoc|Any CPU.ActiveCfg = Ad-Hoc|iPhone
		{634299E3-72B0-4D89-ACBC-0CC482A80822}.Ad-Hoc|ARM.ActiveCfg = Ad-Hoc|iPhone
		{634299E3-72B0-4D89-ACBC-0CC482A80822}.Ad-Hoc|iPhone.ActiveCfg = Ad-Hoc|iPhone
		{634299E3-72B0-4D89-ACBC-0CC482A80822}.Ad-Hoc|iPhone.Build.0 = Ad-Hoc|iPhone
		{634299E3-72B0-4D89-ACBC-0CC482A80822}.Ad-Hoc|iPhoneSimulator.ActiveCfg = Ad-Hoc|iPhoneSimulator
		{634299E3-72B0-4D89-ACBC-0CC482A80822}.Ad-Hoc|iPhoneSimulator.Build.0 = Ad-Hoc|iPhoneSimulator
		{634299E3-72B0-4D89-ACBC-0CC482A80822}.Ad-Hoc|x64.ActiveCfg = Ad-Hoc|iPhone
		{634299E3-72B0-4D89-ACBC-0CC482A80822}.Ad-Hoc|x86.ActiveCfg = Ad-Hoc|iPhone
		{634299E3-72B0-4D89-ACBC-0CC482A80822}.AppStore|Any CPU.ActiveCfg = AppStore|iPhone
		{634299E3-72B0-4D89-ACBC-0CC482A80822}.AppStore|ARM.ActiveCfg = AppStore|iPhone
		{634299E3-72B0-4D89-ACBC-0CC482A80822}.AppStore|iPhone.ActiveCfg = AppStore|iPhone
		{634299E3-72B0-4D89-ACBC-0CC482A80822}.AppStore|iPhone.Build.0 = AppStore|iPhone
		{634299E3-72B0-4D89-ACBC-0CC482A80822}.AppStore|iPhoneSimulator.ActiveCfg = AppStore|iPhoneSimulator
		{634299E3-72B0-4D89-ACBC-0CC482A80822}.AppStore|iPhoneSimulator.Build.0 = AppStore|iPhoneSimulator
		{634299E3-72B0-4D89-ACBC-0CC482A80822}.AppStore|x64.ActiveCfg = AppStore|iPhone
		{634299E3-72B0-4D89-ACBC-0CC482A80822}.AppStore|x86.ActiveCfg = AppStore|iPhone
		{634299E3-72B0-4D89-ACBC-0CC482A80822}.Debug|Any CPU.ActiveCfg = Debug|iPhone
		{634299E3-72B0-4D89-ACBC-0CC482A80822}.Debug|ARM.ActiveCfg = Debug|iPhone
		{634299E3-72B0-4D89-ACBC-0CC482A80822}.Debug|iPhone.ActiveCfg = Debug|iPhone
		{634299E3-72B0-4D89-ACBC-0CC482A80822}.Debug|iPhone.Build.0 = Debug|iPhone
		{634299E3-72B0-4D89-ACBC-0CC482A80822}.Debug|iPhoneSimulator.ActiveCfg = Debug|iPhoneSimulator
		{634299E3-72B0-4D89-ACBC-0CC482A80822}.Debug|iPhoneSimulator.Build.0 = Debug|iPhoneSimulator
		{634299E3-72B0-4D89-ACBC-0CC482A80822}.Debug|x64.ActiveCfg = Debug|iPhone
		{634299E3-72B0-4D89-ACBC-0CC482A80822}.Debug|x86.ActiveCfg = Debug|iPhone
		{634299E3-72B0-4D89-ACBC-0CC482A80822}.Release|Any CPU.ActiveCfg = Release|iPhone
		{634299E3-72B0-4D89-ACBC-0CC482A80822}.Release|ARM.ActiveCfg = Release|iPhone
		{634299E3-72B0-4D89-ACBC-0CC482A80822}.Release|iPhone.ActiveCfg = Release|iPhone
		{634299E3-72B0-4D89-ACBC-0CC482A80822}.Release|iPhone.Build.0 = Release|iPhone
		{634299E3-72B0-4D89-ACBC-0CC482A80822}.Release|iPhoneSimulator.ActiveCfg = Release|iPhoneSimulator
		{634299E3-72B0-4D89-ACBC-0CC482A80822}.Release|iPhoneSimulator.Build.0 = Release|iPhoneSimulator
		{634299E3-72B0-4D89-ACBC-0CC482A80822}.Release|x64.ActiveCfg = Release|iPhone
		{634299E3-72B0-4D89-ACBC-0CC482A80822}.Release|x86.ActiveCfg = Release|iPhone
		{7B349020-7FDC-484C-B356-467EF4337152}.Ad-Hoc|Any CPU.ActiveCfg = Release|x86
		{7B349020-7FDC-484C-B356-467EF4337152}.Ad-Hoc|Any CPU.Build.0 = Release|x86
		{7B349020-7FDC-484C-B356-467EF4337152}.Ad-Hoc|Any CPU.Deploy.0 = Release|x86
		{7B349020-7FDC-484C-B356-467EF4337152}.Ad-Hoc|ARM.ActiveCfg = Release|ARM
		{7B349020-7FDC-484C-B356-467EF4337152}.Ad-Hoc|ARM.Build.0 = Release|ARM
		{7B349020-7FDC-484C-B356-467EF4337152}.Ad-Hoc|ARM.Deploy.0 = Release|ARM
		{7B349020-7FDC-484C-B356-467EF4337152}.Ad-Hoc|iPhone.ActiveCfg = Release|x86
		{7B349020-7FDC-484C-B356-467EF4337152}.Ad-Hoc|iPhone.Build.0 = Release|x86
		{7B349020-7FDC-484C-B356-467EF4337152}.Ad-Hoc|iPhone.Deploy.0 = Release|x86
		{7B349020-7FDC-484C-B356-467EF4337152}.Ad-Hoc|iPhoneSimulator.ActiveCfg = Release|x86
		{7B349020-7FDC-484C-B356-467EF4337152}.Ad-Hoc|iPhoneSimulator.Build.0 = Release|x86
		{7B349020-7FDC-484C-B356-467EF4337152}.Ad-Hoc|iPhoneSimulator.Deploy.0 = Release|x86
		{7B349020-7FDC-484C-B356-467EF4337152}.Ad-Hoc|x64.ActiveCfg = Release|x64
		{7B349020-7FDC-484C-B356-467EF4337152}.Ad-Hoc|x64.Build.0 = Release|x64
		{7B349020-7FDC-484C-B356-467EF4337152}.Ad-Hoc|x64.Deploy.0 = Release|x64
		{7B349020-7FDC-484C-B356-467EF4337152}.Ad-Hoc|x86.ActiveCfg = Release|x86
		{7B349020-7FDC-484C-B356-467EF4337152}.Ad-Hoc|x86.Build.0 = Release|x86
		{7B349020-7FDC-484C-B356-467EF4337152}.Ad-Hoc|x86.Deploy.0 = Release|x86
		{7B349020-7FDC-484C-B356-467EF4337152}.AppStore|Any CPU.ActiveCfg = Release|x86
		{7B349020-7FDC-484C-B356-467EF4337152}.AppStore|Any CPU.Build.0 = Release|x86
		{7B349020-7FDC-484C-B356-467EF4337152}.AppStore|Any CPU.Deploy.0 = Release|x86
		{7B349020-7FDC-484C-B356-467EF4337152}.AppStore|ARM.ActiveCfg = Release|ARM
		{7B349020-7FDC-484C-B356-467EF4337152}.AppStore|ARM.Build.0 = Release|ARM
		{7B349020-7FDC-484C-B356-467EF4337152}.AppStore|ARM.Deploy.0 = Release|ARM
		{7B349020-7FDC-484C-B356-467EF4337152}.AppStore|iPhone.ActiveCfg = Release|x86
		{7B349020-7FDC-484C-B356-467EF4337152}.AppStore|iPhone.Build.0 = Release|x86
		{7B349020-7FDC-484C-B356-467EF4337152}.AppStore|iPhone.Deploy.0 = Release|x86
		{7B349020-7FDC-484C-B356-467EF4337152}.AppStore|iPhoneSimulator.ActiveCfg = Release|x86
		{7B349020-7FDC-484C-B356-467EF4337152}.AppStore|iPhoneSimulator.Build.0 = Release|x86
		{7B349020-7FDC-484C-B356-467EF4337152}.AppStore|iPhoneSimulator.Deploy.0 = Release|x86
		{7B349020-7FDC-484C-B356-467EF4337152}.AppStore|x64.ActiveCfg = Release|x64
		{7B349020-7FDC-484C-B356-467EF4337152}.AppStore|x64.Build.0 = Release|x64
		{7B349020-7FDC-484C-B356-467EF4337152}.AppStore|x64.Deploy.0 = Release|x64
		{7B349020-7FDC-484C-B356-467EF4337152}.AppStore|x86.ActiveCfg = Release|x86
		{7B349020-7FDC-484C-B356-467EF4337152}.AppStore|x86.Build.0 = Release|x86
		{7B349020-7FDC-484C-B356-467EF4337152}.AppStore|x86.Deploy.0 = Release|x86
		{7B349020-7FDC-484C-B356-467EF4337152}.Debug|Any CPU.ActiveCfg = Debug|x86
		{7B349020-7FDC-484C-B356-467EF4337152}.Debug|ARM.ActiveCfg = Debug|ARM
		{7B349020-7FDC-484C-B356-467EF4337152}.Debug|ARM.Build.0 = Debug|ARM
		{7B349020-7FDC-484C-B356-467EF4337152}.Debug|ARM.Deploy.0 = Debug|ARM
		{7B349020-7FDC-484C-B356-467EF4337152}.Debug|iPhone.ActiveCfg = Debug|x86
		{7B349020-7FDC-484C-B356-467EF4337152}.Debug|iPhoneSimulator.ActiveCfg = Debug|x86
		{7B349020-7FDC-484C-B356-467EF4337152}.Debug|x64.ActiveCfg = Debug|x64
		{7B349020-7FDC-484C-B356-467EF4337152}.Debug|x64.Build.0 = Debug|x64
		{7B349020-7FDC-484C-B356-467EF4337152}.Debug|x64.Deploy.0 = Debug|x64
		{7B349020-7FDC-484C-B356-467EF4337152}.Debug|x86.ActiveCfg = Debug|x86
		{7B349020-7FDC-484C-B356-467EF4337152}.Debug|x86.Build.0 = Debug|x86
		{7B349020-7FDC-484C-B356-467EF4337152}.Debug|x86.Deploy.0 = Debug|x86
		{7B349020-7FDC-484C-B356-467EF4337152}.Release|Any CPU.ActiveCfg = Release|x86
		{7B349020-7FDC-484C-B356-467EF4337152}.Release|ARM.ActiveCfg = Release|ARM
		{7B349020-7FDC-484C-B356-467EF4337152}.Release|ARM.Build.0 = Release|ARM
		{7B349020-7FDC-484C-B356-467EF4337152}.Release|ARM.Deploy.0 = Release|ARM
		{7B349020-7FDC-484C-B356-467EF4337152}.Release|iPhone.ActiveCfg = Release|x86
		{7B349020-7FDC-484C-B356-467EF4337152}.Release|iPhoneSimulator.ActiveCfg = Release|x86
		{7B349020-7FDC-484C-B356-467EF4337152}.Release|x64.ActiveCfg = Release|x64
		{7B349020-7FDC-484C-B356-467EF4337152}.Release|x64.Build.0 = Release|x64
		{7B349020-7FDC-484C-B356-467EF4337152}.Release|x64.Deploy.0 = Release|x64
		{7B349020-7FDC-484C-B356-467EF4337152}.Release|x86.ActiveCfg = Release|x86
		{7B349020-7FDC-484C-B356-467EF4337152}.Release|x86.Build.0 = Release|x86
		{7B349020-7FDC-484C-B356-467EF4337152}.Release|x86.Deploy.0 = Release|x86
	EndGlobalSection
	GlobalSection(SolutionProperties) = preSolution
		HideSolutionNode = FALSE
	EndGlobalSection
	GlobalSection(ExtensibilityGlobals) = postSolution
		SolutionGuid = {09DE326C-BEB9-4681-BEBA-165E84615881}
	EndGlobalSection
EndGlobal
